
Microsoft Visual Studio Solution File, Format Version 12.00
# Visual Studio Version 17
VisualStudioVersion = 17.6.33815.320
MinimumVisualStudioVersion = 10.0.40219.1
Project("{888888A0-9F3D-457C-B088-3A5042F75D52}") = "DjangoNewsAndGeo", "DjangoNewsAndGeo\DjangoNewsAndGeo.pyproj", "{F9BDDC34-126F-4712-962A-E3812E140D26}"
EndProject
Global
	GlobalSection(SolutionConfigurationPlatforms) = preSolution
		Debug|Any CPU = Debug|Any CPU
		Release|Any CPU = Release|Any CPU
	EndGlobalSection
	GlobalSection(ProjectConfigurationPlatforms) = postSolution
		{F9BDDC34-126F-4712-962A-E3812E140D26}.Debug|Any CPU.ActiveCfg = Debug|Any CPU
		{F9BDDC34-126F-4712-962A-E3812E140D26}.Debug|Any CPU.Build.0 = Debug|Any CPU
		{F9BDDC34-126F-4712-962A-E3812E140D26}.Release|Any CPU.ActiveCfg = Release|Any CPU
		{F9BDDC34-126F-4712-962A-E3812E140D26}.Release|Any CPU.Build.0 = Release|Any CPU
	EndGlobalSection
	GlobalSection(SolutionProperties) = preSolution
		HideSolutionNode = FALSE
	EndGlobalSection
	GlobalSection(ExtensibilityGlobals) = postSolution
		SolutionGuid = {6D5BA383-0C29-4391-8E46-6AF4C6887C1A}
	EndGlobalSection
EndGlobal
